// !$*UTF8*$!
{
	archiveVersion = 1;
	classes = {
	};
	objectVersion = 46;
	objects = {

/* Begin PBXBuildFile section */
		4FAB155A1B670F2500772888 /* AppDelegate.swift in Sources */ = {isa = PBXBuildFile; fileRef = 4FAB15591B670F2500772888 /* AppDelegate.swift */; };
		4FAB155C1B670F2500772888 /* ViewController.swift in Sources */ = {isa = PBXBuildFile; fileRef = 4FAB155B1B670F2500772888 /* ViewController.swift */; };
		4FAB155F1B670F2500772888 /* Main.storyboard in Resources */ = {isa = PBXBuildFile; fileRef = 4FAB155D1B670F2500772888 /* Main.storyboard */; };
		4FAB15611B670F2500772888 /* Images.xcassets in Resources */ = {isa = PBXBuildFile; fileRef = 4FAB15601B670F2500772888 /* Images.xcassets */; };
		4FAB15641B670F2500772888 /* LaunchScreen.xib in Resources */ = {isa = PBXBuildFile; fileRef = 4FAB15621B670F2500772888 /* LaunchScreen.xib */; };
		4FAB15701B670F2500772888 /* PostcardTests.swift in Sources */ = {isa = PBXBuildFile; fileRef = 4FAB156F1B670F2500772888 /* PostcardTests.swift */; };
/* End PBXBuildFile section */

/* Begin PBXContainerItemProxy section */
		4FAB156A1B670F2500772888 /* PBXContainerItemProxy */ = {
			isa = PBXContainerItemProxy;
			containerPortal = 4FAB154C1B670F2500772888 /* Project object */;
			proxyType = 1;
			remoteGlobalIDString = 4FAB15531B670F2500772888;
			remoteInfo = Postcard;
		};
/* End PBXContainerItemProxy section */

/* Begin PBXFileReference section */
		4FAB15541B670F2500772888 /* Postcard.app */ = {isa = PBXFileReference; explicitFileType = wrapper.application; includeInIndex = 0; path = Postcard.app; sourceTree = BUILT_PRODUCTS_DIR; };
		4FAB15581B670F2500772888 /* Info.plist */ = {isa = PBXFileReference; lastKnownFileType = text.plist.xml; path = Info.plist; sourceTree = "<group>"; };
		4FAB15591B670F2500772888 /* AppDelegate.swift */ = {isa = PBXFileReference; lastKnownFileType = sourcecode.swift; path = AppDelegate.swift; sourceTree = "<group>"; };
		4FAB155B1B670F2500772888 /* ViewController.swift */ = {isa = PBXFileReference; lastKnownFileType = sourcecode.swift; path = ViewController.swift; sourceTree = "<group>"; };
		4FAB155E1B670F2500772888 /* Base */ = {isa = PBXFileReference; lastKnownFileType = file.storyboard; name = Base; path = Base.lproj/Main.storyboard; sourceTree = "<group>"; };
		4FAB15601B670F2500772888 /* Images.xcassets */ = {isa = PBXFileReference; lastKnownFileType = folder.assetcatalog; path = Images.xcassets; sourceTree = "<group>"; };
		4FAB15631B670F2500772888 /* Base */ = {isa = PBXFileReference; lastKnownFileType = file.xib; name = Base; path = Base.lproj/LaunchScreen.xib; sourceTree = "<group>"; };
		4FAB15691B670F2500772888 /* PostcardTests.xctest */ = {isa = PBXFileReference; explicitFileType = wrapper.cfbundle; includeInIndex = 0; path = PostcardTests.xctest; sourceTree = BUILT_PRODUCTS_DIR; };
		4FAB156E1B670F2500772888 /* Info.plist */ = {isa = PBXFileReference; lastKnownFileType = text.plist.xml; path = Info.plist; sourceTree = "<group>"; };
		4FAB156F1B670F2500772888 /* PostcardTests.swift */ = {isa = PBXFileReference; lastKnownFileType = sourcecode.swift; path = PostcardTests.swift; sourceTree = "<group>"; };
/* End PBXFileReference section */

/* Begin PBXFrameworksBuildPhase section */
		4FAB15511B670F2500772888 /* Frameworks */ = {
			isa = PBXFrameworksBuildPhase;
			buildActionMask = 2147483647;
			files = (
			);
			runOnlyForDeploymentPostprocessing = 0;
		};
		4FAB15661B670F2500772888 /* Frameworks */ = {
			isa = PBXFrameworksBuildPhase;
			buildActionMask = 2147483647;
			files = (
			);
			runOnlyForDeploymentPostprocessing = 0;
		};
/* End PBXFrameworksBuildPhase section */

/* Begin PBXGroup section */
		4FAB154B1B670F2500772888 = {
			isa = PBXGroup;
			children = (
				4FAB15561B670F2500772888 /* Postcard */,
				4FAB156C1B670F2500772888 /* PostcardTests */,
				4FAB15551B670F2500772888 /* Products */,
			);
			sourceTree = "<group>";
		};
		4FAB15551B670F2500772888 /* Products */ = {
			isa = PBXGroup;
			children = (
				4FAB15541B670F2500772888 /* Postcard.app */,
				4FAB15691B670F2500772888 /* PostcardTests.xctest */,
			);
			name = Products;
			sourceTree = "<group>";
		};
		4FAB15561B670F2500772888 /* Postcard */ = {
			isa = PBXGroup;
			children = (
				4FAB15591B670F2500772888 /* AppDelegate.swift */,
				4FAB155B1B670F2500772888 /* ViewController.swift */,
				4FAB155D1B670F2500772888 /* Main.storyboard */,
				4FAB15601B670F2500772888 /* Images.xcassets */,
				4FAB15621B670F2500772888 /* LaunchScreen.xib */,
				4FAB15571B670F2500772888 /* Supporting Files */,
			);
			path = Postcard;
			sourceTree = "<group>";
		};
		4FAB15571B670F2500772888 /* Supporting Files */ = {
			isa = PBXGroup;
			children = (
				4FAB15581B670F2500772888 /* Info.plist */,
			);
			name = "Supporting Files";
			sourceTree = "<group>";
		};
		4FAB156C1B670F2500772888 /* PostcardTests */ = {
			isa = PBXGroup;
			children = (
				4FAB156F1B670F2500772888 /* PostcardTests.swift */,
				4FAB156D1B670F2500772888 /* Supporting Files */,
			);
			path = PostcardTests;
			sourceTree = "<group>";
		};
		4FAB156D1B670F2500772888 /* Supporting Files */ = {
			isa = PBXGroup;
			children = (
				4FAB156E1B670F2500772888 /* Info.plist */,
			);
			name = "Supporting Files";
			sourceTree = "<group>";
		};
/* End PBXGroup section */

/* Begin PBXNativeTarget section */
		4FAB15531B670F2500772888 /* Postcard */ = {
			isa = PBXNativeTarget;
			buildConfigurationList = 4FAB15731B670F2500772888 /* Build configuration list for PBXNativeTarget "Postcard" */;
			buildPhases = (
				4FAB15501B670F2500772888 /* Sources */,
				4FAB15511B670F2500772888 /* Frameworks */,
				4FAB15521B670F2500772888 /* Resources */,
			);
			buildRules = (
			);
			dependencies = (
			);
			name = Postcard;
			productName = Postcard;
			productReference = 4FAB15541B670F2500772888 /* Postcard.app */;
			productType = "com.apple.product-type.application";
		};
		4FAB15681B670F2500772888 /* PostcardTests */ = {
			isa = PBXNativeTarget;
			buildConfigurationList = 4FAB15761B670F2500772888 /* Build configuration list for PBXNativeTarget "PostcardTests" */;
			buildPhases = (
				4FAB15651B670F2500772888 /* Sources */,
				4FAB15661B670F2500772888 /* Frameworks */,
				4FAB15671B670F2500772888 /* Resources */,
			);
			buildRules = (
			);
			dependencies = (
				4FAB156B1B670F2500772888 /* PBXTargetDependency */,
			);
			name = PostcardTests;
			productName = PostcardTests;
			productReference = 4FAB15691B670F2500772888 /* PostcardTests.xctest */;
			productType = "com.apple.product-type.bundle.unit-test";
		};
/* End PBXNativeTarget section */

/* Begin PBXProject section */
		4FAB154C1B670F2500772888 /* Project object */ = {
			isa = PBXProject;
			attributes = {
				LastUpgradeCheck = 0620;
				ORGANIZATIONNAME = MrBarkey;
				TargetAttributes = {
					4FAB15531B670F2500772888 = {
						CreatedOnToolsVersion = 6.2;
					};
					4FAB15681B670F2500772888 = {
						CreatedOnToolsVersion = 6.2;
						TestTargetID = 4FAB15531B670F2500772888;
					};
				};
			};
			buildConfigurationList = 4FAB154F1B670F2500772888 /* Build configuration list for PBXProject "Postcard" */;
			compatibilityVersion = "Xcode 3.2";
			developmentRegion = English;
			hasScannedForEncodings = 0;
			knownRegions = (
				en,
				Base,
			);
			mainGroup = 4FAB154B1B670F2500772888;
			productRefGroup = 4FAB15551B670F2500772888 /* Products */;
			projectDirPath = "";
			projectRoot = "";
			targets = (
				4FAB15531B670F2500772888 /* Postcard */,
				4FAB15681B670F2500772888 /* PostcardTests */,
			);
		};
/* End PBXProject section */

/* Begin PBXResourcesBuildPhase section */
		4FAB15521B670F2500772888 /* Resources */ = {
			isa = PBXResourcesBuildPhase;
			buildActionMask = 2147483647;
			files = (
				4FAB155F1B670F2500772888 /* Main.storyboard in Resources */,
				4FAB15641B670F2500772888 /* LaunchScreen.xib in Resources */,
				4FAB15611B670F2500772888 /* Images.xcassets in Resources */,
			);
			runOnlyForDeploymentPostprocessing = 0;
		};
		4FAB15671B670F2500772888 /* Resources */ = {
			isa = PBXResourcesBuildPhase;
			buildActionMask = 2147483647;
			files = (
			);
			runOnlyForDeploymentPostprocessing = 0;
		};
/* End PBXResourcesBuildPhase section */

/* Begin PBXSourcesBuildPhase section */
		4FAB15501B670F2500772888 /* Sources */ = {
			isa = PBXSourcesBuildPhase;
			buildActionMask = 2147483647;
			files = (
				4FAB155C1B670F2500772888 /* ViewController.swift in Sources */,
				4FAB155A1B670F2500772888 /* AppDelegate.swift in Sources */,
			);
			runOnlyForDeploymentPostprocessing = 0;
		};
		4FAB15651B670F2500772888 /* Sources */ = {
			isa = PBXSourcesBuildPhase;
			buildActionMask = 2147483647;
			files = (
				4FAB15701B670F2500772888 /* PostcardTests.swift in Sources */,
			);
			runOnlyForDeploymentPostprocessing = 0;
		};
/* End PBXSourcesBuildPhase section */

/* Begin PBXTargetDependency section */
		4FAB156B1B670F2500772888 /* PBXTargetDependency */ = {
			isa = PBXTargetDependency;
			target = 4FAB15531B670F2500772888 /* Postcard */;
			targetProxy = 4FAB156A1B670F2500772888 /* PBXContainerItemProxy */;
		};
/* End PBXTargetDependency section */

/* Begin PBXVariantGroup section */
		4FAB155D1B670F2500772888 /* Main.storyboard */ = {
			isa = PBXVariantGroup;
			children = (
				4FAB155E1B670F2500772888 /* Base */,
			);
			name = Main.storyboard;
			sourceTree = "<group>";
		};
		4FAB15621B670F2500772888 /* LaunchScreen.xib */ = {
			isa = PBXVariantGroup;
			children = (
				4FAB15631B670F2500772888 /* Base */,
			);
			name = LaunchScreen.xib;
			sourceTree = "<group>";
		};
/* End PBXVariantGroup section */

/* Begin XCBuildConfiguration section */
		4FAB15711B670F2500772888 /* Debug */ = {
			isa = XCBuildConfiguration;
			buildSettings = {
				ALWAYS_SEARCH_USER_PATHS = NO;
				CLANG_CXX_LANGUAGE_STANDARD = "gnu++0x";
				CLANG_CXX_LIBRARY = "libc++";
				CLANG_ENABLE_MODULES = YES;
				CLANG_ENABLE_OBJC_ARC = YES;
				CLANG_WARN_BOOL_CONVERSION = YES;
				CLANG_WARN_CONSTANT_CONVERSION = YES;
				CLANG_WARN_DIRECT_OBJC_ISA_USAGE = YES_ERROR;
				CLANG_WARN_EMPTY_BODY = YES;
				CLANG_WARN_ENUM_CONVERSION = YES;
				CLANG_WARN_INT_CONVERSION = YES;
				CLANG_WARN_OBJC_ROOT_CLASS = YES_ERROR;
				CLANG_WARN_UNREACHABLE_CODE = YES;
				CLANG_WARN__DUPLICATE_METHOD_MATCH = YES;
				"CODE_SIGN_IDENTITY[sdk=iphoneos*]" = "iPhone Developer";
				COPY_PHASE_STRIP = NO;
				ENABLE_STRICT_OBJC_MSGSEND = YES;
				GCC_C_LANGUAGE_STANDARD = gnu99;
				GCC_DYNAMIC_NO_PIC = NO;
				GCC_OPTIMIZATION_LEVEL = 0;
				GCC_PREPROCESSOR_DEFINITIONS = (
					"DEBUG=1",
					"$(inherited)",
				);
				GCC_SYMBOLS_PRIVATE_EXTERN = NO;
				GCC_WARN_64_TO_32_BIT_CONVERSION = YES;
				GCC_WARN_ABOUT_RETURN_TYPE = YES_ERROR;
				GCC_WARN_UNDECLARED_SELECTOR = YES;
				GCC_WARN_UNINITIALIZED_AUTOS = YES_AGGRESSIVE;
				GCC_WARN_UNUSED_FUNCTION = YES;
				GCC_WARN_UNUSED_VARIABLE = YES;
				IPHONEOS_DEPLOYMENT_TARGET = 8.2;
				MTL_ENABLE_DEBUG_INFO = YES;
				ONLY_ACTIVE_ARCH = YES;
				SDKROOT = iphoneos;
				SWIFT_OPTIMIZATION_LEVEL = "-Onone";
				TARGETED_DEVICE_FAMILY = "1,2";
			};
			name = Debug;
		};
		4FAB15721B670F2500772888 /* Release */ = {
			isa = XCBuildConfiguration;
			buildSettings = {
				ALWAYS_SEARCH_USER_PATHS = NO;
				CLANG_CXX_LANGUAGE_STANDARD = "gnu++0x";
				CLANG_CXX_LIBRARY = "libc++";
				CLANG_ENABLE_MODULES = YES;
				CLANG_ENABLE_OBJC_ARC = YES;
				CLANG_WARN_BOOL_CONVERSION = YES;
				CLANG_WARN_CONSTANT_CONVERSION = YES;
				CLANG_WARN_DIRECT_OBJC_ISA_USAGE = YES_ERROR;
				CLANG_WARN_EMPTY_BODY = YES;
				CLANG_WARN_ENUM_CONVERSION = YES;
				CLANG_WARN_INT_CONVERSION = YES;
				CLANG_WARN_OBJC_ROOT_CLASS = YES_ERROR;
				CLANG_WARN_UNREACHABLE_CODE = YES;
				CLANG_WARN__DUPLICATE_METHOD_MATCH = YES;
				"CODE_SIGN_IDENTITY[sdk=iphoneos*]" = "iPhone Developer";
				COPY_PHASE_STRIP = NO;
				ENABLE_NS_ASSERTIONS = NO;
				ENABLE_STRICT_OBJC_MSGSEND = YES;
				GCC_C_LANGUAGE_STANDARD = gnu99;
				GCC_WARN_64_TO_32_BIT_CONVERSION = YES;
				GCC_WARN_ABOUT_RETURN_TYPE = YES_ERROR;
				GCC_WARN_UNDECLARED_SELECTOR = YES;
				GCC_WARN_UNINITIALIZED_AUTOS = YES_AGGRESSIVE;
				GCC_WARN_UNUSED_FUNCTION = YES;
				GCC_WARN_UNUSED_VARIABLE = YES;
				IPHONEOS_DEPLOYMENT_TARGET = 8.2;
				MTL_ENABLE_DEBUG_INFO = NO;
				SDKROOT = iphoneos;
				TARGETED_DEVICE_FAMILY = "1,2";
				VALIDATE_PRODUCT = YES;
			};
			name = Release;
		};
		4FAB15741B670F2500772888 /* Debug */ = {
			isa = XCBuildConfiguration;
			buildSettings = {
				ASSETCATALOG_COMPILER_APPICON_NAME = AppIcon;
				INFOPLIST_FILE = Postcard/Info.plist;
				LD_RUNPATH_SEARCH_PATHS = "$(inherited) @executable_path/Frameworks";
				PRODUCT_NAME = "$(TARGET_NAME)";
			};
			name = Debug;
		};
		4FAB15751B670F2500772888 /* Release */ = {
			isa = XCBuildConfiguration;
			buildSettings = {
				ASSETCATALOG_COMPILER_APPICON_NAME = AppIcon;
				INFOPLIST_FILE = Postcard/Info.plist;
				LD_RUNPATH_SEARCH_PATHS = "$(inherited) @executable_path/Frameworks";
				PRODUCT_NAME = "$(TARGET_NAME)";
			};
			name = Release;
		};
		4FAB15771B670F2500772888 /* Debug */ = {
			isa = XCBuildConfiguration;
			buildSettings = {
				BUNDLE_LOADER = "$(TEST_HOST)";
				FRAMEWORK_SEARCH_PATHS = (
					"$(SDKROOT)/Developer/Library/Frameworks",
					"$(inherited)",
				);
				GCC_PREPROCESSOR_DEFINITIONS = (
					"DEBUG=1",
					"$(inherited)",
				);
				INFOPLIST_FILE = PostcardTests/Info.plist;
				LD_RUNPATH_SEARCH_PATHS = "$(inherited) @executable_path/Frameworks @loader_path/Frameworks";
				PRODUCT_NAME = "$(TARGET_NAME)";
				TEST_HOST = "$(BUILT_PRODUCTS_DIR)/Postcard.app/Postcard";
			};
			name = Debug;
		};
		4FAB15781B670F2500772888 /* Release */ = {
			isa = XCBuildConfiguration;
			buildSettings = {
				BUNDLE_LOADER = "$(TEST_HOST)";
				FRAMEWORK_SEARCH_PATHS = (
					"$(SDKROOT)/Developer/Library/Frameworks",
					"$(inherited)",
				);
				INFOPLIST_FILE = PostcardTests/Info.plist;
				LD_RUNPATH_SEARCH_PATHS = "$(inherited) @executable_path/Frameworks @loader_path/Frameworks";
				PRODUCT_NAME = "$(TARGET_NAME)";
				TEST_HOST = "$(BUILT_PRODUCTS_DIR)/Postcard.app/Postcard";
			};
			name = Release;
		};
/* End XCBuildConfiguration section */

/* Begin XCConfigurationList section */
		4FAB154F1B670F2500772888 /* Build configuration list for PBXProject "Postcard" */ = {
			isa = XCConfigurationList;
			buildConfigurations = (
				4FAB15711B670F2500772888 /* Debug */,
				4FAB15721B670F2500772888 /* Release */,
			);
			defaultConfigurationIsVisible = 0;
			defaultConfigurationName = Release;
		};
		4FAB15731B670F2500772888 /* Build configuration list for PBXNativeTarget "Postcard" */ = {
			isa = XCConfigurationList;
			buildConfigurations = (
				4FAB15741B670F2500772888 /* Debug */,
				4FAB15751B670F2500772888 /* Release */,
			);
			defaultConfigurationIsVisible = 0;
		};
		4FAB15761B670F2500772888 /* Build configuration list for PBXNativeTarget "PostcardTests" */ = {
			isa = XCConfigurationList;
			buildConfigurations = (
				4FAB15771B670F2500772888 /* Debug */,
				4FAB15781B670F2500772888 /* Release */,
			);
			defaultConfigurationIsVisible = 0;
		};
/* End XCConfigurationList section */
	};
	rootObject = 4FAB154C1B670F2500772888 /* Project object */;
}
